{
  "name": "cyclic",
  "version": "1.0.0",
  "lockfileVersion": 2,
  "requires": true,
  "packages": {
    "": {
      "name": "cyclic",
      "version": "1.0.0",
      "hasInstallScript": true,
      "license": "ISC",
      "dependencies": {
        "@jasperbollen/sunflare-growatt": "^0.0.3"
      }
    },
    "node_modules/@jasperbollen/sunflare-growatt": {
      "version": "0.0.3",
      "resolved": "https://npm.pkg.github.com/download/@jasperbollen/sunflare-growatt/0.0.3/6bdcd26cc6ca227572a30de3008e013f23f3c484",
      "integrity": "sha512-SlGIkYAnTBaUZURCdPy3aC5pi4hdHAWjEqpl1MofGuX3LHpPP6gSU4k/w2eIZXAJUDQPj37qacBizCJufkFrhQ==",
      "license": "ISC"
    }
  },
  "dependencies": {
    "@jasperbollen/sunflare-growatt": {
      "version": "0.0.3",
      "resolved": "https://npm.pkg.github.com/download/@jasperbollen/sunflare-growatt/0.0.3/6bdcd26cc6ca227572a30de3008e013f23f3c484",
      "integrity": "sha512-SlGIkYAnTBaUZURCdPy3aC5pi4hdHAWjEqpl1MofGuX3LHpPP6gSU4k/w2eIZXAJUDQPj37qacBizCJufkFrhQ=="
    }
  }
}
